
Microsoft Visual Studio Solution File, Format Version 12.00
# Visual Studio Version 17
VisualStudioVersion = 17.0.31903.59
MinimumVisualStudioVersion = 10.0.40219.1
Project("{FAE04EC0-301F-11D3-BF4B-00C04F79EFBC}") = "MiniERP.API", "src\MiniERP.API\MiniERP.API.csproj", "{A1B2C3D4-E5F6-4A5B-8C9D-0E1F2A3B4C5D}"
EndProject
Project("{FAE04EC0-301F-11D3-BF4B-00C04F79EFBC}") = "MiniERP.Domain", "src\MiniERP.Domain\MiniERP.Domain.csproj", "{B2C3D4E5-F6A7-4B5C-9D0E-1F2A3B4C5D6E}"
EndProject
Project("{FAE04EC0-301F-11D3-BF4B-00C04F79EFBC}") = "MiniERP.Application", "src\MiniERP.Application\MiniERP.Application.csproj", "{C3D4E5F6-A7B8-4C5D-0E1F-2A3B4C5D6E7F}"
EndProject
Project("{FAE04EC0-301F-11D3-BF4B-00C04F79EFBC}") = "MiniERP.Infrastructure", "src\MiniERP.Infrastructure\MiniERP.Infrastructure.csproj", "{D4E5F6A7-B8C9-4D5E-1F2A-3B4C5D6E7F8A}"
EndProject
Project("{2150E333-8FDC-42A3-9474-1A3956D46DE8}") = "tests", "tests", "{EE611F86-3DC8-4503-BE9F-62B9D21B3DC6}"
EndProject
Project("{FAE04EC0-301F-11D3-BF4B-00C04F79EFBC}") = "MiniERP.API.Tests", "tests\MiniERP.API.Tests\MiniERP.API.Tests.csproj", "{8ECE32AD-29C2-48C3-8CE8-848BCF673B93}"
EndProject
Global
	GlobalSection(SolutionConfigurationPlatforms) = preSolution
		Debug|Any CPU = Debug|Any CPU
		Release|Any CPU = Release|Any CPU
	EndGlobalSection
	GlobalSection(ProjectConfigurationPlatforms) = postSolution
		{A1B2C3D4-E5F6-4A5B-8C9D-0E1F2A3B4C5D}.Debug|Any CPU.ActiveCfg = Debug|Any CPU
		{A1B2C3D4-E5F6-4A5B-8C9D-0E1F2A3B4C5D}.Debug|Any CPU.Build.0 = Debug|Any CPU
		{A1B2C3D4-E5F6-4A5B-8C9D-0E1F2A3B4C5D}.Release|Any CPU.ActiveCfg = Release|Any CPU
		{A1B2C3D4-E5F6-4A5B-8C9D-0E1F2A3B4C5D}.Release|Any CPU.Build.0 = Release|Any CPU
		{B2C3D4E5-F6A7-4B5C-9D0E-1F2A3B4C5D6E}.Debug|Any CPU.ActiveCfg = Debug|Any CPU
		{B2C3D4E5-F6A7-4B5C-9D0E-1F2A3B4C5D6E}.Debug|Any CPU.Build.0 = Debug|Any CPU
		{B2C3D4E5-F6A7-4B5C-9D0E-1F2A3B4C5D6E}.Release|Any CPU.ActiveCfg = Release|Any CPU
		{B2C3D4E5-F6A7-4B5C-9D0E-1F2A3B4C5D6E}.Release|Any CPU.Build.0 = Release|Any CPU
		{C3D4E5F6-A7B8-4C5D-0E1F-2A3B4C5D6E7F}.Debug|Any CPU.ActiveCfg = Debug|Any CPU
		{C3D4E5F6-A7B8-4C5D-0E1F-2A3B4C5D6E7F}.Debug|Any CPU.Build.0 = Debug|Any CPU
		{C3D4E5F6-A7B8-4C5D-0E1F-2A3B4C5D6E7F}.Release|Any CPU.ActiveCfg = Release|Any CPU
		{C3D4E5F6-A7B8-4C5D-0E1F-2A3B4C5D6E7F}.Release|Any CPU.Build.0 = Release|Any CPU
		{D4E5F6A7-B8C9-4D5E-1F2A-3B4C5D6E7F8A}.Debug|Any CPU.ActiveCfg = Debug|Any CPU
		{D4E5F6A7-B8C9-4D5E-1F2A-3B4C5D6E7F8A}.Debug|Any CPU.Build.0 = Debug|Any CPU
		{D4E5F6A7-B8C9-4D5E-1F2A-3B4C5D6E7F8A}.Release|Any CPU.ActiveCfg = Release|Any CPU
		{D4E5F6A7-B8C9-4D5E-1F2A-3B4C5D6E7F8A}.Release|Any CPU.Build.0 = Release|Any CPU
		{8ECE32AD-29C2-48C3-8CE8-848BCF673B93}.Debug|Any CPU.ActiveCfg = Debug|Any CPU
		{8ECE32AD-29C2-48C3-8CE8-848BCF673B93}.Debug|Any CPU.Build.0 = Debug|Any CPU
		{8ECE32AD-29C2-48C3-8CE8-848BCF673B93}.Release|Any CPU.ActiveCfg = Release|Any CPU
		{8ECE32AD-29C2-48C3-8CE8-848BCF673B93}.Release|Any CPU.Build.0 = Release|Any CPU
	EndGlobalSection
	GlobalSection(NestedProjects) = preSolution
		{8ECE32AD-29C2-48C3-8CE8-848BCF673B93} = {EE611F86-3DC8-4503-BE9F-62B9D21B3DC6}
	EndGlobalSection
EndGlobal
